
Microsoft Visual Studio Solution File, Format Version 12.00
# Visual Studio Version 17
VisualStudioVersion = 17.14.37111.16 d17.14
MinimumVisualStudioVersion = 10.0.40219.1
Project("{FAE04EC0-301F-11D3-BF4B-00C04F79EFBC}") = "dmitry-koscheev-kt-41-23", "dmitry-koscheev-kt-41-23.csproj", "{C88304D3-A3AB-48CD-99B4-A6A39A50E8F4}"
EndProject
Global
	GlobalSection(SolutionConfigurationPlatforms) = preSolution
		Debug|Any CPU = Debug|Any CPU
		Release|Any CPU = Release|Any CPU
	EndGlobalSection
	GlobalSection(ProjectConfigurationPlatforms) = postSolution
		{C88304D3-A3AB-48CD-99B4-A6A39A50E8F4}.Debug|Any CPU.ActiveCfg = Debug|Any CPU
		{C88304D3-A3AB-48CD-99B4-A6A39A50E8F4}.Debug|Any CPU.Build.0 = Debug|Any CPU
		{C88304D3-A3AB-48CD-99B4-A6A39A50E8F4}.Release|Any CPU.ActiveCfg = Release|Any CPU
		{C88304D3-A3AB-48CD-99B4-A6A39A50E8F4}.Release|Any CPU.Build.0 = Release|Any CPU
	EndGlobalSection
	GlobalSection(SolutionProperties) = preSolution
		HideSolutionNode = FALSE
	EndGlobalSection
	GlobalSection(ExtensibilityGlobals) = postSolution
		SolutionGuid = {052D39D9-5F74-4F98-8A2D-8DAE45F2893A}
	EndGlobalSection
EndGlobal
